
Microsoft Visual Studio Solution File, Format Version 12.00
# Visual Studio Version 17
VisualStudioVersion = 17.7.34018.315
MinimumVisualStudioVersion = 10.0.40219.1
Project("{2150E333-8FDC-42A3-9474-1A3956D46DE8}") = "Domain", "Domain", "{92CFA36F-3A7B-4388-99CC-9085B2488BD4}"
EndProject
Project("{9A19103F-16F7-4668-BE54-9A1E7A4F7556}") = "muchik.market.domain", "muchik.market.domain\muchik.market.domain.csproj", "{40B280AC-2931-4464-97B6-DFE9DDA86F9F}"
EndProject
Project("{2150E333-8FDC-42A3-9474-1A3956D46DE8}") = "Infrastructure", "Infrastructure", "{F944690F-5934-44E0-AD17-47F80B23927B}"
EndProject
Project("{2150E333-8FDC-42A3-9474-1A3956D46DE8}") = "Bus", "Bus", "{856C8AB0-724B-46B9-B825-A2C446C9868D}"
EndProject
Project("{FAE04EC0-301F-11D3-BF4B-00C04F79EFBC}") = "muchik.market.infrastructure.bus", "muchik.market.infrastructure.bus\muchik.market.infrastructure.bus.csproj", "{BAE5064A-990F-4C8A-BB4F-95E87C913C39}"
EndProject
Global
	GlobalSection(SolutionConfigurationPlatforms) = preSolution
		Debug|Any CPU = Debug|Any CPU
		Release|Any CPU = Release|Any CPU
	EndGlobalSection
	GlobalSection(ProjectConfigurationPlatforms) = postSolution
		{40B280AC-2931-4464-97B6-DFE9DDA86F9F}.Debug|Any CPU.ActiveCfg = Debug|Any CPU
		{40B280AC-2931-4464-97B6-DFE9DDA86F9F}.Debug|Any CPU.Build.0 = Debug|Any CPU
		{40B280AC-2931-4464-97B6-DFE9DDA86F9F}.Release|Any CPU.ActiveCfg = Release|Any CPU
		{40B280AC-2931-4464-97B6-DFE9DDA86F9F}.Release|Any CPU.Build.0 = Release|Any CPU
		{BAE5064A-990F-4C8A-BB4F-95E87C913C39}.Debug|Any CPU.ActiveCfg = Debug|Any CPU
		{BAE5064A-990F-4C8A-BB4F-95E87C913C39}.Debug|Any CPU.Build.0 = Debug|Any CPU
		{BAE5064A-990F-4C8A-BB4F-95E87C913C39}.Release|Any CPU.ActiveCfg = Release|Any CPU
		{BAE5064A-990F-4C8A-BB4F-95E87C913C39}.Release|Any CPU.Build.0 = Release|Any CPU
	EndGlobalSection
	GlobalSection(SolutionProperties) = preSolution
		HideSolutionNode = FALSE
	EndGlobalSection
	GlobalSection(NestedProjects) = preSolution
		{40B280AC-2931-4464-97B6-DFE9DDA86F9F} = {92CFA36F-3A7B-4388-99CC-9085B2488BD4}
		{856C8AB0-724B-46B9-B825-A2C446C9868D} = {F944690F-5934-44E0-AD17-47F80B23927B}
		{BAE5064A-990F-4C8A-BB4F-95E87C913C39} = {856C8AB0-724B-46B9-B825-A2C446C9868D}
	EndGlobalSection
	GlobalSection(ExtensibilityGlobals) = postSolution
		SolutionGuid = {40214548-DEA5-40B6-BABB-54B1C80D6B02}
	EndGlobalSection
EndGlobal
